
Microsoft Visual Studio Solution File, Format Version 12.00
# Visual Studio Version 17
VisualStudioVersion = 17.14.36408.4 d17.14
MinimumVisualStudioVersion = 10.0.40219.1
Project("{FAE04EC0-301F-11D3-BF4B-00C04F79EFBC}") = "J3D_EditAndViewer", "J3D_EditAndViewer\J3D_EditAndViewer.csproj", "{C3AE030F-B64D-4747-B5D7-704C54FB8192}"
EndProject
Project("{FAE04EC0-301F-11D3-BF4B-00C04F79EFBC}") = "J3DEditorAndViewer", "J3DEditorAndViewer\J3DEditorAndViewer.csproj", "{79104A88-AE8F-426B-A68A-86F03EE39A96}"
EndProject
Global
	GlobalSection(SolutionConfigurationPlatforms) = preSolution
		Debug|Any CPU = Debug|Any CPU
		Release|Any CPU = Release|Any CPU
	EndGlobalSection
	GlobalSection(ProjectConfigurationPlatforms) = postSolution
		{C3AE030F-B64D-4747-B5D7-704C54FB8192}.Debug|Any CPU.ActiveCfg = Debug|Any CPU
		{C3AE030F-B64D-4747-B5D7-704C54FB8192}.Debug|Any CPU.Build.0 = Debug|Any CPU
		{C3AE030F-B64D-4747-B5D7-704C54FB8192}.Release|Any CPU.ActiveCfg = Release|Any CPU
		{C3AE030F-B64D-4747-B5D7-704C54FB8192}.Release|Any CPU.Build.0 = Release|Any CPU
		{79104A88-AE8F-426B-A68A-86F03EE39A96}.Debug|Any CPU.ActiveCfg = Debug|Any CPU
		{79104A88-AE8F-426B-A68A-86F03EE39A96}.Debug|Any CPU.Build.0 = Debug|Any CPU
		{79104A88-AE8F-426B-A68A-86F03EE39A96}.Release|Any CPU.ActiveCfg = Release|Any CPU
		{79104A88-AE8F-426B-A68A-86F03EE39A96}.Release|Any CPU.Build.0 = Release|Any CPU
	EndGlobalSection
	GlobalSection(SolutionProperties) = preSolution
		HideSolutionNode = FALSE
	EndGlobalSection
	GlobalSection(ExtensibilityGlobals) = postSolution
		SolutionGuid = {2D6D62E1-E21D-48AF-A4CA-3D4E23C23F0F}
	EndGlobalSection
EndGlobal
